// !$*UTF8*$!
{
	archiveVersion = 1;
	classes = {
	};
	objectVersion = 46;
	objects = {

/* Begin PBXBuildFile section */
		BE2FBCCF1F37FDE600C80A5A /* Nimble.framework in Frameworks */ = {isa = PBXBuildFile; fileRef = BE2FBCCD1F37FDE600C80A5A /* Nimble.framework */; };
		BE2FBCD01F37FDE600C80A5A /* Quick.framework in Frameworks */ = {isa = PBXBuildFile; fileRef = BE2FBCCE1F37FDE600C80A5A /* Quick.framework */; };
		BE2FBCD41F37FEC000C80A5A /* Nimble.framework in CopyFiles */ = {isa = PBXBuildFile; fileRef = BE2FBCD21F37FEC000C80A5A /* Nimble.framework */; settings = {ATTRIBUTES = (CodeSignOnCopy, RemoveHeadersOnCopy, ); }; };
		BE2FBCD51F37FEC000C80A5A /* Quick.framework in CopyFiles */ = {isa = PBXBuildFile; fileRef = BE2FBCD31F37FEC000C80A5A /* Quick.framework */; settings = {ATTRIBUTES = (CodeSignOnCopy, RemoveHeadersOnCopy, ); }; };
		BE2FBCD81F38008700C80A5A /* SwiftSpecs.swift in Sources */ = {isa = PBXBuildFile; fileRef = BE2FBCD71F38008700C80A5A /* SwiftSpecs.swift */; };
		BE4EE0301F32BA7B00A6AA85 /* GGDemoSpecs.m in Sources */ = {isa = PBXBuildFile; fileRef = BE4EE02F1F32BA7B00A6AA85 /* GGDemoSpecs.m */; };
		BF0F36EE1F305B34009CA6BA /* main.m in Sources */ = {isa = PBXBuildFile; fileRef = BF0F36ED1F305B34009CA6BA /* main.m */; };
		BF0F36F11F305B34009CA6BA /* AppDelegate.m in Sources */ = {isa = PBXBuildFile; fileRef = BF0F36F01F305B34009CA6BA /* AppDelegate.m */; };
		BF0F36F71F305B34009CA6BA /* Main.storyboard in Resources */ = {isa = PBXBuildFile; fileRef = BF0F36F51F305B34009CA6BA /* Main.storyboard */; };
		BF0F36F91F305B34009CA6BA /* Assets.xcassets in Resources */ = {isa = PBXBuildFile; fileRef = BF0F36F81F305B34009CA6BA /* Assets.xcassets */; };
		BF0F36FC1F305B34009CA6BA /* LaunchScreen.storyboard in Resources */ = {isa = PBXBuildFile; fileRef = BF0F36FA1F305B34009CA6BA /* LaunchScreen.storyboard */; };
		BF0F37461F305E8D009CA6BA /* AVOSCloud.framework in Frameworks */ = {isa = PBXBuildFile; fileRef = BF0F37451F305E8D009CA6BA /* AVOSCloud.framework */; };
		BF0F37491F305ED7009CA6BA /* libz.tbd in Frameworks */ = {isa = PBXBuildFile; fileRef = BF0F37481F305ED7009CA6BA /* libz.tbd */; };
		BF0F374B1F305F05009CA6BA /* libc++.tbd in Frameworks */ = {isa = PBXBuildFile; fileRef = BF0F374A1F305F05009CA6BA /* libc++.tbd */; };
		BF0F374D1F305F0F009CA6BA /* libicucore.tbd in Frameworks */ = {isa = PBXBuildFile; fileRef = BF0F374C1F305F0F009CA6BA /* libicucore.tbd */; };
		BF0F374F1F305F19009CA6BA /* libsqlite3.tbd in Frameworks */ = {isa = PBXBuildFile; fileRef = BF0F374E1F305F19009CA6BA /* libsqlite3.tbd */; };
		BF0F37511F305F21009CA6BA /* SystemConfiguration.framework in Frameworks */ = {isa = PBXBuildFile; fileRef = BF0F37501F305F21009CA6BA /* SystemConfiguration.framework */; };
		BF0F37531F305F2C009CA6BA /* MobileCoreServices.framework in Frameworks */ = {isa = PBXBuildFile; fileRef = BF0F37521F305F2C009CA6BA /* MobileCoreServices.framework */; };
		BF0F37551F305F35009CA6BA /* CoreTelephony.framework in Frameworks */ = {isa = PBXBuildFile; fileRef = BF0F37541F305F35009CA6BA /* CoreTelephony.framework */; };
		BF0F37571F305F46009CA6BA /* CoreLocation.framework in Frameworks */ = {isa = PBXBuildFile; fileRef = BF0F37561F305F46009CA6BA /* CoreLocation.framework */; };
		BF0F375E1F30E1E1009CA6BA /* MagazineViewController.m in Sources */ = {isa = PBXBuildFile; fileRef = BF0F375D1F30E1E1009CA6BA /* MagazineViewController.m */; };
		BF0F37621F3160ED009CA6BA /* MagazineTableViewCell.m in Sources */ = {isa = PBXBuildFile; fileRef = BF0F37611F3160ED009CA6BA /* MagazineTableViewCell.m */; };
		BF0F37651F31D672009CA6BA /* Magazine.m in Sources */ = {isa = PBXBuildFile; fileRef = BF0F37641F31D672009CA6BA /* Magazine.m */; };
		BF0F37981F32D916009CA6BA /* MJRefreshAutoFooter.m in Sources */ = {isa = PBXBuildFile; fileRef = BF0F376D1F32D916009CA6BA /* MJRefreshAutoFooter.m */; };
		BF0F37991F32D916009CA6BA /* MJRefreshBackFooter.m in Sources */ = {isa = PBXBuildFile; fileRef = BF0F376F1F32D916009CA6BA /* MJRefreshBackFooter.m */; };
		BF0F379A1F32D916009CA6BA /* MJRefreshComponent.m in Sources */ = {isa = PBXBuildFile; fileRef = BF0F37711F32D916009CA6BA /* MJRefreshComponent.m */; };
		BF0F379B1F32D916009CA6BA /* MJRefreshFooter.m in Sources */ = {isa = PBXBuildFile; fileRef = BF0F37731F32D916009CA6BA /* MJRefreshFooter.m */; };
		BF0F379C1F32D916009CA6BA /* MJRefreshHeader.m in Sources */ = {isa = PBXBuildFile; fileRef = BF0F37751F32D916009CA6BA /* MJRefreshHeader.m */; };
		BF0F379D1F32D916009CA6BA /* MJRefreshAutoGifFooter.m in Sources */ = {isa = PBXBuildFile; fileRef = BF0F377A1F32D916009CA6BA /* MJRefreshAutoGifFooter.m */; };
		BF0F379E1F32D916009CA6BA /* MJRefreshAutoNormalFooter.m in Sources */ = {isa = PBXBuildFile; fileRef = BF0F377C1F32D916009CA6BA /* MJRefreshAutoNormalFooter.m */; };
		BF0F379F1F32D916009CA6BA /* MJRefreshAutoStateFooter.m in Sources */ = {isa = PBXBuildFile; fileRef = BF0F377E1F32D916009CA6BA /* MJRefreshAutoStateFooter.m */; };
		BF0F37A01F32D916009CA6BA /* MJRefreshBackGifFooter.m in Sources */ = {isa = PBXBuildFile; fileRef = BF0F37811F32D916009CA6BA /* MJRefreshBackGifFooter.m */; };
		BF0F37A11F32D916009CA6BA /* MJRefreshBackNormalFooter.m in Sources */ = {isa = PBXBuildFile; fileRef = BF0F37831F32D916009CA6BA /* MJRefreshBackNormalFooter.m */; };
		BF0F37A21F32D916009CA6BA /* MJRefreshBackStateFooter.m in Sources */ = {isa = PBXBuildFile; fileRef = BF0F37851F32D916009CA6BA /* MJRefreshBackStateFooter.m */; };
		BF0F37A31F32D916009CA6BA /* MJRefreshGifHeader.m in Sources */ = {isa = PBXBuildFile; fileRef = BF0F37881F32D916009CA6BA /* MJRefreshGifHeader.m */; };
		BF0F37A41F32D916009CA6BA /* MJRefreshNormalHeader.m in Sources */ = {isa = PBXBuildFile; fileRef = BF0F378A1F32D916009CA6BA /* MJRefreshNormalHeader.m */; };
		BF0F37A51F32D916009CA6BA /* MJRefreshStateHeader.m in Sources */ = {isa = PBXBuildFile; fileRef = BF0F378C1F32D916009CA6BA /* MJRefreshStateHeader.m */; };
		BF0F37A61F32D916009CA6BA /* MJRefreshConst.m in Sources */ = {isa = PBXBuildFile; fileRef = BF0F378F1F32D916009CA6BA /* MJRefreshConst.m */; };
		BF0F37A71F32D916009CA6BA /* NSBundle+MJRefresh.m in Sources */ = {isa = PBXBuildFile; fileRef = BF0F37911F32D916009CA6BA /* NSBundle+MJRefresh.m */; };
		BF0F37A81F32D916009CA6BA /* UIScrollView+MJExtension.m in Sources */ = {isa = PBXBuildFile; fileRef = BF0F37931F32D916009CA6BA /* UIScrollView+MJExtension.m */; };
		BF0F37A91F32D916009CA6BA /* UIScrollView+MJRefresh.m in Sources */ = {isa = PBXBuildFile; fileRef = BF0F37951F32D916009CA6BA /* UIScrollView+MJRefresh.m */; };
		BF0F37AA1F32D916009CA6BA /* UIView+MJExtension.m in Sources */ = {isa = PBXBuildFile; fileRef = BF0F37971F32D916009CA6BA /* UIView+MJExtension.m */; };
		BF0F37AF1F32DEE6009CA6BA /* Localizable.strings in Resources */ = {isa = PBXBuildFile; fileRef = BF0F37B11F32DEE6009CA6BA /* Localizable.strings */; };
		BF0F37B61F32FC36009CA6BA /* MagazineViewModel.m in Sources */ = {isa = PBXBuildFile; fileRef = BF0F37B51F32FC36009CA6BA /* MagazineViewModel.m */; };
		BF0F37B91F332629009CA6BA /* networkError.jpeg in Resources */ = {isa = PBXBuildFile; fileRef = BF0F37B81F332629009CA6BA /* networkError.jpeg */; };
		BF0F37BB1F341035009CA6BA /* defaultImage.JPG in Resources */ = {isa = PBXBuildFile; fileRef = BF0F37BA1F341035009CA6BA /* defaultImage.JPG */; };
		BF0F37C71F345CFA009CA6BA /* ErrorView.m in Sources */ = {isa = PBXBuildFile; fileRef = BF0F37C61F345CFA009CA6BA /* ErrorView.m */; };
		BF0F37C91F3467B4009CA6BA /* default.jpg in Resources */ = {isa = PBXBuildFile; fileRef = BF0F37C81F3467B4009CA6BA /* default.jpg */; };
		BF0F37CC1F359751009CA6BA /* MagazineDetailViewController.m in Sources */ = {isa = PBXBuildFile; fileRef = BF0F37CB1F359751009CA6BA /* MagazineDetailViewController.m */; };
		BF21F6C41F38742B00A64945 /* MBProgressHUD.framework in Frameworks */ = {isa = PBXBuildFile; fileRef = BF21F6C31F38742B00A64945 /* MBProgressHUD.framework */; };
		BF21F6C51F38742B00A64945 /* MBProgressHUD.framework in Embed Frameworks */ = {isa = PBXBuildFile; fileRef = BF21F6C31F38742B00A64945 /* MBProgressHUD.framework */; settings = {ATTRIBUTES = (CodeSignOnCopy, RemoveHeadersOnCopy, ); }; };
		F6FF54BF1F308FE700179B14 /* SignInViewController.m in Sources */ = {isa = PBXBuildFile; fileRef = F6FF54BE1F308FE700179B14 /* SignInViewController.m */; };
/* End PBXBuildFile section */

/* Begin PBXContainerItemProxy section */
		BF0F37031F305B34009CA6BA /* PBXContainerItemProxy */ = {
			isa = PBXContainerItemProxy;
			containerPortal = BF0F36E11F305B34009CA6BA /* Project object */;
			proxyType = 1;
			remoteGlobalIDString = BF0F36E81F305B34009CA6BA;
			remoteInfo = GossipGeek;
		};
/* End PBXContainerItemProxy section */

/* Begin PBXCopyFilesBuildPhase section */
		BE2FBCD11F37FE9E00C80A5A /* CopyFiles */ = {
			isa = PBXCopyFilesBuildPhase;
			buildActionMask = 2147483647;
			dstPath = "";
			dstSubfolderSpec = 10;
			files = (
				BE2FBCD41F37FEC000C80A5A /* Nimble.framework in CopyFiles */,
				BE2FBCD51F37FEC000C80A5A /* Quick.framework in CopyFiles */,
			);
			runOnlyForDeploymentPostprocessing = 0;
		};
		BF21F6C61F38742C00A64945 /* Embed Frameworks */ = {
			isa = PBXCopyFilesBuildPhase;
			buildActionMask = 2147483647;
			dstPath = "";
			dstSubfolderSpec = 10;
			files = (
				BF21F6C51F38742B00A64945 /* MBProgressHUD.framework in Embed Frameworks */,
			);
			name = "Embed Frameworks";
			runOnlyForDeploymentPostprocessing = 0;
		};
/* End PBXCopyFilesBuildPhase section */

/* Begin PBXFileReference section */
		BE2FBCCD1F37FDE600C80A5A /* Nimble.framework */ = {isa = PBXFileReference; lastKnownFileType = wrapper.framework; name = Nimble.framework; path = Carthage/Build/iOS/Nimble.framework; sourceTree = "<group>"; };
		BE2FBCCE1F37FDE600C80A5A /* Quick.framework */ = {isa = PBXFileReference; lastKnownFileType = wrapper.framework; name = Quick.framework; path = Carthage/Build/iOS/Quick.framework; sourceTree = "<group>"; };
		BE2FBCD21F37FEC000C80A5A /* Nimble.framework */ = {isa = PBXFileReference; lastKnownFileType = wrapper.framework; name = Nimble.framework; path = Carthage/Build/iOS/Nimble.framework; sourceTree = "<group>"; };
		BE2FBCD31F37FEC000C80A5A /* Quick.framework */ = {isa = PBXFileReference; lastKnownFileType = wrapper.framework; name = Quick.framework; path = Carthage/Build/iOS/Quick.framework; sourceTree = "<group>"; };
		BE2FBCD61F38008600C80A5A /* GossipGeekTests-Bridging-Header.h */ = {isa = PBXFileReference; lastKnownFileType = sourcecode.c.h; path = "GossipGeekTests-Bridging-Header.h"; sourceTree = "<group>"; };
		BE2FBCD71F38008700C80A5A /* SwiftSpecs.swift */ = {isa = PBXFileReference; fileEncoding = 4; lastKnownFileType = sourcecode.swift; path = SwiftSpecs.swift; sourceTree = "<group>"; };
		BE4EE02F1F32BA7B00A6AA85 /* GGDemoSpecs.m */ = {isa = PBXFileReference; fileEncoding = 4; lastKnownFileType = sourcecode.c.objc; path = GGDemoSpecs.m; sourceTree = "<group>"; };
		BF0F36E91F305B34009CA6BA /* GossipGeek.app */ = {isa = PBXFileReference; explicitFileType = wrapper.application; includeInIndex = 0; path = GossipGeek.app; sourceTree = BUILT_PRODUCTS_DIR; };
		BF0F36ED1F305B34009CA6BA /* main.m */ = {isa = PBXFileReference; lastKnownFileType = sourcecode.c.objc; path = main.m; sourceTree = "<group>"; };
		BF0F36EF1F305B34009CA6BA /* AppDelegate.h */ = {isa = PBXFileReference; lastKnownFileType = sourcecode.c.h; path = AppDelegate.h; sourceTree = "<group>"; };
		BF0F36F01F305B34009CA6BA /* AppDelegate.m */ = {isa = PBXFileReference; lastKnownFileType = sourcecode.c.objc; path = AppDelegate.m; sourceTree = "<group>"; };
		BF0F36F61F305B34009CA6BA /* Base */ = {isa = PBXFileReference; lastKnownFileType = file.storyboard; name = Base; path = Base.lproj/Main.storyboard; sourceTree = "<group>"; };
		BF0F36F81F305B34009CA6BA /* Assets.xcassets */ = {isa = PBXFileReference; lastKnownFileType = folder.assetcatalog; path = Assets.xcassets; sourceTree = "<group>"; };
		BF0F36FB1F305B34009CA6BA /* Base */ = {isa = PBXFileReference; lastKnownFileType = file.storyboard; name = Base; path = Base.lproj/LaunchScreen.storyboard; sourceTree = "<group>"; };
		BF0F36FD1F305B34009CA6BA /* Info.plist */ = {isa = PBXFileReference; lastKnownFileType = text.plist.xml; path = Info.plist; sourceTree = "<group>"; };
		BF0F37021F305B34009CA6BA /* GossipGeekTests.xctest */ = {isa = PBXFileReference; explicitFileType = wrapper.cfbundle; includeInIndex = 0; path = GossipGeekTests.xctest; sourceTree = BUILT_PRODUCTS_DIR; };
		BF0F37081F305B34009CA6BA /* Info.plist */ = {isa = PBXFileReference; lastKnownFileType = text.plist.xml; path = Info.plist; sourceTree = "<group>"; };
		BF0F37451F305E8D009CA6BA /* AVOSCloud.framework */ = {isa = PBXFileReference; lastKnownFileType = wrapper.framework; path = AVOSCloud.framework; sourceTree = "<group>"; };
		BF0F37481F305ED7009CA6BA /* libz.tbd */ = {isa = PBXFileReference; lastKnownFileType = "sourcecode.text-based-dylib-definition"; name = libz.tbd; path = usr/lib/libz.tbd; sourceTree = SDKROOT; };
		BF0F374A1F305F05009CA6BA /* libc++.tbd */ = {isa = PBXFileReference; lastKnownFileType = "sourcecode.text-based-dylib-definition"; name = "libc++.tbd"; path = "usr/lib/libc++.tbd"; sourceTree = SDKROOT; };
		BF0F374C1F305F0F009CA6BA /* libicucore.tbd */ = {isa = PBXFileReference; lastKnownFileType = "sourcecode.text-based-dylib-definition"; name = libicucore.tbd; path = usr/lib/libicucore.tbd; sourceTree = SDKROOT; };
		BF0F374E1F305F19009CA6BA /* libsqlite3.tbd */ = {isa = PBXFileReference; lastKnownFileType = "sourcecode.text-based-dylib-definition"; name = libsqlite3.tbd; path = usr/lib/libsqlite3.tbd; sourceTree = SDKROOT; };
		BF0F37501F305F21009CA6BA /* SystemConfiguration.framework */ = {isa = PBXFileReference; lastKnownFileType = wrapper.framework; name = SystemConfiguration.framework; path = System/Library/Frameworks/SystemConfiguration.framework; sourceTree = SDKROOT; };
		BF0F37521F305F2C009CA6BA /* MobileCoreServices.framework */ = {isa = PBXFileReference; lastKnownFileType = wrapper.framework; name = MobileCoreServices.framework; path = System/Library/Frameworks/MobileCoreServices.framework; sourceTree = SDKROOT; };
		BF0F37541F305F35009CA6BA /* CoreTelephony.framework */ = {isa = PBXFileReference; lastKnownFileType = wrapper.framework; name = CoreTelephony.framework; path = System/Library/Frameworks/CoreTelephony.framework; sourceTree = SDKROOT; };
		BF0F37561F305F46009CA6BA /* CoreLocation.framework */ = {isa = PBXFileReference; lastKnownFileType = wrapper.framework; name = CoreLocation.framework; path = System/Library/Frameworks/CoreLocation.framework; sourceTree = SDKROOT; };
		BF0F375C1F30E1E1009CA6BA /* MagazineViewController.h */ = {isa = PBXFileReference; fileEncoding = 4; lastKnownFileType = sourcecode.c.h; path = MagazineViewController.h; sourceTree = "<group>"; };
		BF0F375D1F30E1E1009CA6BA /* MagazineViewController.m */ = {isa = PBXFileReference; fileEncoding = 4; lastKnownFileType = sourcecode.c.objc; path = MagazineViewController.m; sourceTree = "<group>"; };
		BF0F37601F3160ED009CA6BA /* MagazineTableViewCell.h */ = {isa = PBXFileReference; fileEncoding = 4; lastKnownFileType = sourcecode.c.h; path = MagazineTableViewCell.h; sourceTree = "<group>"; };
		BF0F37611F3160ED009CA6BA /* MagazineTableViewCell.m */ = {isa = PBXFileReference; fileEncoding = 4; lastKnownFileType = sourcecode.c.objc; path = MagazineTableViewCell.m; sourceTree = "<group>"; };
		BF0F37631F31D672009CA6BA /* Magazine.h */ = {isa = PBXFileReference; fileEncoding = 4; lastKnownFileType = sourcecode.c.h; path = Magazine.h; sourceTree = "<group>"; };
		BF0F37641F31D672009CA6BA /* Magazine.m */ = {isa = PBXFileReference; fileEncoding = 4; lastKnownFileType = sourcecode.c.objc; path = Magazine.m; sourceTree = "<group>"; };
		BF0F376C1F32D916009CA6BA /* MJRefreshAutoFooter.h */ = {isa = PBXFileReference; fileEncoding = 4; lastKnownFileType = sourcecode.c.h; path = MJRefreshAutoFooter.h; sourceTree = "<group>"; };
		BF0F376D1F32D916009CA6BA /* MJRefreshAutoFooter.m */ = {isa = PBXFileReference; fileEncoding = 4; lastKnownFileType = sourcecode.c.objc; path = MJRefreshAutoFooter.m; sourceTree = "<group>"; };
		BF0F376E1F32D916009CA6BA /* MJRefreshBackFooter.h */ = {isa = PBXFileReference; fileEncoding = 4; lastKnownFileType = sourcecode.c.h; path = MJRefreshBackFooter.h; sourceTree = "<group>"; };
		BF0F376F1F32D916009CA6BA /* MJRefreshBackFooter.m */ = {isa = PBXFileReference; fileEncoding = 4; lastKnownFileType = sourcecode.c.objc; path = MJRefreshBackFooter.m; sourceTree = "<group>"; };
		BF0F37701F32D916009CA6BA /* MJRefreshComponent.h */ = {isa = PBXFileReference; fileEncoding = 4; lastKnownFileType = sourcecode.c.h; path = MJRefreshComponent.h; sourceTree = "<group>"; };
		BF0F37711F32D916009CA6BA /* MJRefreshComponent.m */ = {isa = PBXFileReference; fileEncoding = 4; lastKnownFileType = sourcecode.c.objc; path = MJRefreshComponent.m; sourceTree = "<group>"; };
		BF0F37721F32D916009CA6BA /* MJRefreshFooter.h */ = {isa = PBXFileReference; fileEncoding = 4; lastKnownFileType = sourcecode.c.h; path = MJRefreshFooter.h; sourceTree = "<group>"; };
		BF0F37731F32D916009CA6BA /* MJRefreshFooter.m */ = {isa = PBXFileReference; fileEncoding = 4; lastKnownFileType = sourcecode.c.objc; path = MJRefreshFooter.m; sourceTree = "<group>"; };
		BF0F37741F32D916009CA6BA /* MJRefreshHeader.h */ = {isa = PBXFileReference; fileEncoding = 4; lastKnownFileType = sourcecode.c.h; path = MJRefreshHeader.h; sourceTree = "<group>"; };
		BF0F37751F32D916009CA6BA /* MJRefreshHeader.m */ = {isa = PBXFileReference; fileEncoding = 4; lastKnownFileType = sourcecode.c.objc; path = MJRefreshHeader.m; sourceTree = "<group>"; };
		BF0F37791F32D916009CA6BA /* MJRefreshAutoGifFooter.h */ = {isa = PBXFileReference; fileEncoding = 4; lastKnownFileType = sourcecode.c.h; path = MJRefreshAutoGifFooter.h; sourceTree = "<group>"; };
		BF0F377A1F32D916009CA6BA /* MJRefreshAutoGifFooter.m */ = {isa = PBXFileReference; fileEncoding = 4; lastKnownFileType = sourcecode.c.objc; path = MJRefreshAutoGifFooter.m; sourceTree = "<group>"; };
		BF0F377B1F32D916009CA6BA /* MJRefreshAutoNormalFooter.h */ = {isa = PBXFileReference; fileEncoding = 4; lastKnownFileType = sourcecode.c.h; path = MJRefreshAutoNormalFooter.h; sourceTree = "<group>"; };
		BF0F377C1F32D916009CA6BA /* MJRefreshAutoNormalFooter.m */ = {isa = PBXFileReference; fileEncoding = 4; lastKnownFileType = sourcecode.c.objc; path = MJRefreshAutoNormalFooter.m; sourceTree = "<group>"; };
		BF0F377D1F32D916009CA6BA /* MJRefreshAutoStateFooter.h */ = {isa = PBXFileReference; fileEncoding = 4; lastKnownFileType = sourcecode.c.h; path = MJRefreshAutoStateFooter.h; sourceTree = "<group>"; };
		BF0F377E1F32D916009CA6BA /* MJRefreshAutoStateFooter.m */ = {isa = PBXFileReference; fileEncoding = 4; lastKnownFileType = sourcecode.c.objc; path = MJRefreshAutoStateFooter.m; sourceTree = "<group>"; };
		BF0F37801F32D916009CA6BA /* MJRefreshBackGifFooter.h */ = {isa = PBXFileReference; fileEncoding = 4; lastKnownFileType = sourcecode.c.h; path = MJRefreshBackGifFooter.h; sourceTree = "<group>"; };
		BF0F37811F32D916009CA6BA /* MJRefreshBackGifFooter.m */ = {isa = PBXFileReference; fileEncoding = 4; lastKnownFileType = sourcecode.c.objc; path = MJRefreshBackGifFooter.m; sourceTree = "<group>"; };
		BF0F37821F32D916009CA6BA /* MJRefreshBackNormalFooter.h */ = {isa = PBXFileReference; fileEncoding = 4; lastKnownFileType = sourcecode.c.h; path = MJRefreshBackNormalFooter.h; sourceTree = "<group>"; };
		BF0F37831F32D916009CA6BA /* MJRefreshBackNormalFooter.m */ = {isa = PBXFileReference; fileEncoding = 4; lastKnownFileType = sourcecode.c.objc; path = MJRefreshBackNormalFooter.m; sourceTree = "<group>"; };
		BF0F37841F32D916009CA6BA /* MJRefreshBackStateFooter.h */ = {isa = PBXFileReference; fileEncoding = 4; lastKnownFileType = sourcecode.c.h; path = MJRefreshBackStateFooter.h; sourceTree = "<group>"; };
		BF0F37851F32D916009CA6BA /* MJRefreshBackStateFooter.m */ = {isa = PBXFileReference; fileEncoding = 4; lastKnownFileType = sourcecode.c.objc; path = MJRefreshBackStateFooter.m; sourceTree = "<group>"; };
		BF0F37871F32D916009CA6BA /* MJRefreshGifHeader.h */ = {isa = PBXFileReference; fileEncoding = 4; lastKnownFileType = sourcecode.c.h; path = MJRefreshGifHeader.h; sourceTree = "<group>"; };
		BF0F37881F32D916009CA6BA /* MJRefreshGifHeader.m */ = {isa = PBXFileReference; fileEncoding = 4; lastKnownFileType = sourcecode.c.objc; path = MJRefreshGifHeader.m; sourceTree = "<group>"; };
		BF0F37891F32D916009CA6BA /* MJRefreshNormalHeader.h */ = {isa = PBXFileReference; fileEncoding = 4; lastKnownFileType = sourcecode.c.h; path = MJRefreshNormalHeader.h; sourceTree = "<group>"; };
		BF0F378A1F32D916009CA6BA /* MJRefreshNormalHeader.m */ = {isa = PBXFileReference; fileEncoding = 4; lastKnownFileType = sourcecode.c.objc; path = MJRefreshNormalHeader.m; sourceTree = "<group>"; };
		BF0F378B1F32D916009CA6BA /* MJRefreshStateHeader.h */ = {isa = PBXFileReference; fileEncoding = 4; lastKnownFileType = sourcecode.c.h; path = MJRefreshStateHeader.h; sourceTree = "<group>"; };
		BF0F378C1F32D916009CA6BA /* MJRefreshStateHeader.m */ = {isa = PBXFileReference; fileEncoding = 4; lastKnownFileType = sourcecode.c.objc; path = MJRefreshStateHeader.m; sourceTree = "<group>"; };
		BF0F378D1F32D916009CA6BA /* MJRefresh.h */ = {isa = PBXFileReference; fileEncoding = 4; lastKnownFileType = sourcecode.c.h; path = MJRefresh.h; sourceTree = "<group>"; };
		BF0F378E1F32D916009CA6BA /* MJRefreshConst.h */ = {isa = PBXFileReference; fileEncoding = 4; lastKnownFileType = sourcecode.c.h; path = MJRefreshConst.h; sourceTree = "<group>"; };
		BF0F378F1F32D916009CA6BA /* MJRefreshConst.m */ = {isa = PBXFileReference; fileEncoding = 4; lastKnownFileType = sourcecode.c.objc; path = MJRefreshConst.m; sourceTree = "<group>"; };
		BF0F37901F32D916009CA6BA /* NSBundle+MJRefresh.h */ = {isa = PBXFileReference; fileEncoding = 4; lastKnownFileType = sourcecode.c.h; path = "NSBundle+MJRefresh.h"; sourceTree = "<group>"; };
		BF0F37911F32D916009CA6BA /* NSBundle+MJRefresh.m */ = {isa = PBXFileReference; fileEncoding = 4; lastKnownFileType = sourcecode.c.objc; path = "NSBundle+MJRefresh.m"; sourceTree = "<group>"; };
		BF0F37921F32D916009CA6BA /* UIScrollView+MJExtension.h */ = {isa = PBXFileReference; fileEncoding = 4; lastKnownFileType = sourcecode.c.h; path = "UIScrollView+MJExtension.h"; sourceTree = "<group>"; };
		BF0F37931F32D916009CA6BA /* UIScrollView+MJExtension.m */ = {isa = PBXFileReference; fileEncoding = 4; lastKnownFileType = sourcecode.c.objc; path = "UIScrollView+MJExtension.m"; sourceTree = "<group>"; };
		BF0F37941F32D916009CA6BA /* UIScrollView+MJRefresh.h */ = {isa = PBXFileReference; fileEncoding = 4; lastKnownFileType = sourcecode.c.h; path = "UIScrollView+MJRefresh.h"; sourceTree = "<group>"; };
		BF0F37951F32D916009CA6BA /* UIScrollView+MJRefresh.m */ = {isa = PBXFileReference; fileEncoding = 4; lastKnownFileType = sourcecode.c.objc; path = "UIScrollView+MJRefresh.m"; sourceTree = "<group>"; };
		BF0F37961F32D916009CA6BA /* UIView+MJExtension.h */ = {isa = PBXFileReference; fileEncoding = 4; lastKnownFileType = sourcecode.c.h; path = "UIView+MJExtension.h"; sourceTree = "<group>"; };
		BF0F37971F32D916009CA6BA /* UIView+MJExtension.m */ = {isa = PBXFileReference; fileEncoding = 4; lastKnownFileType = sourcecode.c.objc; path = "UIView+MJExtension.m"; sourceTree = "<group>"; };
		BF0F37AD1F32DECF009CA6BA /* zh-Hans */ = {isa = PBXFileReference; lastKnownFileType = text.plist.strings; name = "zh-Hans"; path = "zh-Hans.lproj/Main.strings"; sourceTree = "<group>"; };
		BF0F37AE1F32DECF009CA6BA /* zh-Hans */ = {isa = PBXFileReference; lastKnownFileType = text.plist.strings; name = "zh-Hans"; path = "zh-Hans.lproj/LaunchScreen.strings"; sourceTree = "<group>"; };
		BF0F37B01F32DEE6009CA6BA /* zh-Hans */ = {isa = PBXFileReference; lastKnownFileType = text.plist.strings; name = "zh-Hans"; path = "zh-Hans.lproj/Localizable.strings"; sourceTree = "<group>"; };
		BF0F37B21F32DEE9009CA6BA /* en */ = {isa = PBXFileReference; lastKnownFileType = text.plist.strings; name = en; path = en.lproj/Localizable.strings; sourceTree = "<group>"; };
		BF0F37B31F32DEEB009CA6BA /* Base */ = {isa = PBXFileReference; lastKnownFileType = text.plist.strings; name = Base; path = Base.lproj/Localizable.strings; sourceTree = "<group>"; };
		BF0F37B41F32FC36009CA6BA /* MagazineViewModel.h */ = {isa = PBXFileReference; fileEncoding = 4; lastKnownFileType = sourcecode.c.h; path = MagazineViewModel.h; sourceTree = "<group>"; };
		BF0F37B51F32FC36009CA6BA /* MagazineViewModel.m */ = {isa = PBXFileReference; fileEncoding = 4; lastKnownFileType = sourcecode.c.objc; path = MagazineViewModel.m; sourceTree = "<group>"; };
		BF0F37B81F332629009CA6BA /* networkError.jpeg */ = {isa = PBXFileReference; lastKnownFileType = image.jpeg; path = networkError.jpeg; sourceTree = "<group>"; };
		BF0F37BA1F341035009CA6BA /* defaultImage.JPG */ = {isa = PBXFileReference; lastKnownFileType = image.jpeg; path = defaultImage.JPG; sourceTree = "<group>"; };
		BF0F37C51F345CFA009CA6BA /* ErrorView.h */ = {isa = PBXFileReference; fileEncoding = 4; lastKnownFileType = sourcecode.c.h; path = ErrorView.h; sourceTree = "<group>"; };
		BF0F37C61F345CFA009CA6BA /* ErrorView.m */ = {isa = PBXFileReference; fileEncoding = 4; lastKnownFileType = sourcecode.c.objc; path = ErrorView.m; sourceTree = "<group>"; };
		BF0F37C81F3467B4009CA6BA /* default.jpg */ = {isa = PBXFileReference; lastKnownFileType = image.jpeg; path = default.jpg; sourceTree = "<group>"; };
		BF0F37CA1F359751009CA6BA /* MagazineDetailViewController.h */ = {isa = PBXFileReference; fileEncoding = 4; lastKnownFileType = sourcecode.c.h; path = MagazineDetailViewController.h; sourceTree = "<group>"; };
		BF0F37CB1F359751009CA6BA /* MagazineDetailViewController.m */ = {isa = PBXFileReference; fileEncoding = 4; lastKnownFileType = sourcecode.c.objc; path = MagazineDetailViewController.m; sourceTree = "<group>"; };
		BF21F6C31F38742B00A64945 /* MBProgressHUD.framework */ = {isa = PBXFileReference; lastKnownFileType = wrapper.framework; name = MBProgressHUD.framework; path = Carthage/Build/iOS/MBProgressHUD.framework; sourceTree = "<group>"; };
		F6FF54BD1F308FE700179B14 /* SignInViewController.h */ = {isa = PBXFileReference; fileEncoding = 4; lastKnownFileType = sourcecode.c.h; path = SignInViewController.h; sourceTree = "<group>"; };
		F6FF54BE1F308FE700179B14 /* SignInViewController.m */ = {isa = PBXFileReference; fileEncoding = 4; lastKnownFileType = sourcecode.c.objc; path = SignInViewController.m; sourceTree = "<group>"; };
/* End PBXFileReference section */

/* Begin PBXFrameworksBuildPhase section */
		BF0F36E61F305B34009CA6BA /* Frameworks */ = {
			isa = PBXFrameworksBuildPhase;
			buildActionMask = 2147483647;
			files = (
				BF0F37571F305F46009CA6BA /* CoreLocation.framework in Frameworks */,
				BF0F37551F305F35009CA6BA /* CoreTelephony.framework in Frameworks */,
				BF0F37531F305F2C009CA6BA /* MobileCoreServices.framework in Frameworks */,
				BF0F37511F305F21009CA6BA /* SystemConfiguration.framework in Frameworks */,
				BF0F374F1F305F19009CA6BA /* libsqlite3.tbd in Frameworks */,
				BF0F374D1F305F0F009CA6BA /* libicucore.tbd in Frameworks */,
				BF0F374B1F305F05009CA6BA /* libc++.tbd in Frameworks */,
				BF0F37491F305ED7009CA6BA /* libz.tbd in Frameworks */,
				BF21F6C41F38742B00A64945 /* MBProgressHUD.framework in Frameworks */,
				BF0F37461F305E8D009CA6BA /* AVOSCloud.framework in Frameworks */,
			);
			runOnlyForDeploymentPostprocessing = 0;
		};
		BF0F36FF1F305B34009CA6BA /* Frameworks */ = {
			isa = PBXFrameworksBuildPhase;
			buildActionMask = 2147483647;
			files = (
				BE2FBCCF1F37FDE600C80A5A /* Nimble.framework in Frameworks */,
				BE2FBCD01F37FDE600C80A5A /* Quick.framework in Frameworks */,
			);
			runOnlyForDeploymentPostprocessing = 0;
		};
/* End PBXFrameworksBuildPhase section */

/* Begin PBXGroup section */
		BF0F36E01F305B34009CA6BA = {
			isa = PBXGroup;
			children = (
				BF21F6C31F38742B00A64945 /* MBProgressHUD.framework */,
				BE2FBCD21F37FEC000C80A5A /* Nimble.framework */,
				BE2FBCD31F37FEC000C80A5A /* Quick.framework */,
				BF0F36EB1F305B34009CA6BA /* GossipGeek */,
				BF0F37051F305B34009CA6BA /* GossipGeekTests */,
				BF0F36EA1F305B34009CA6BA /* Products */,
				BF0F37471F305ED7009CA6BA /* Frameworks */,
			);
			sourceTree = "<group>";
		};
		BF0F36EA1F305B34009CA6BA /* Products */ = {
			isa = PBXGroup;
			children = (
				BF0F36E91F305B34009CA6BA /* GossipGeek.app */,
				BF0F37021F305B34009CA6BA /* GossipGeekTests.xctest */,
			);
			name = Products;
			sourceTree = "<group>";
		};
		BF0F36EB1F305B34009CA6BA /* GossipGeek */ = {
			isa = PBXGroup;
			children = (
				BF0F37C41F345CCE009CA6BA /* View */,
				BF0F37B71F330757009CA6BA /* Vender */,
				BF0F375F1F3160AE009CA6BA /* Cell */,
				BF0F375B1F305FD2009CA6BA /* ViewModel */,
				BF0F375A1F305FA6009CA6BA /* ViewController */,
				BF0F37591F305F9E009CA6BA /* Model */,
				BF0F37581F305F93009CA6BA /* Request */,
				BF0F36EF1F305B34009CA6BA /* AppDelegate.h */,
				BF0F36F01F305B34009CA6BA /* AppDelegate.m */,
				BF0F36F51F305B34009CA6BA /* Main.storyboard */,
				BF0F36EC1F305B34009CA6BA /* Supporting Files */,
			);
			path = GossipGeek;
			sourceTree = "<group>";
		};
		BF0F36EC1F305B34009CA6BA /* Supporting Files */ = {
			isa = PBXGroup;
			children = (
				BF0F37C81F3467B4009CA6BA /* default.jpg */,
				BF0F37BA1F341035009CA6BA /* defaultImage.JPG */,
				BF0F37B81F332629009CA6BA /* networkError.jpeg */,
				BF0F36F81F305B34009CA6BA /* Assets.xcassets */,
				BF0F36FA1F305B34009CA6BA /* LaunchScreen.storyboard */,
				BF0F36FD1F305B34009CA6BA /* Info.plist */,
				BF0F36ED1F305B34009CA6BA /* main.m */,
				BF0F37B11F32DEE6009CA6BA /* Localizable.strings */,
			);
			name = "Supporting Files";
			sourceTree = "<group>";
		};
		BF0F37051F305B34009CA6BA /* GossipGeekTests */ = {
			isa = PBXGroup;
			children = (
				BE4EE02F1F32BA7B00A6AA85 /* GGDemoSpecs.m */,
				BF0F37081F305B34009CA6BA /* Info.plist */,
				BE2FBCD71F38008700C80A5A /* SwiftSpecs.swift */,
				BE2FBCD61F38008600C80A5A /* GossipGeekTests-Bridging-Header.h */,
			);
			path = GossipGeekTests;
			sourceTree = "<group>";
		};
		BF0F37471F305ED7009CA6BA /* Frameworks */ = {
			isa = PBXGroup;
			children = (
				BE2FBCCD1F37FDE600C80A5A /* Nimble.framework */,
				BE2FBCCE1F37FDE600C80A5A /* Quick.framework */,
				BF0F37561F305F46009CA6BA /* CoreLocation.framework */,
				BF0F37541F305F35009CA6BA /* CoreTelephony.framework */,
				BF0F37521F305F2C009CA6BA /* MobileCoreServices.framework */,
				BF0F37501F305F21009CA6BA /* SystemConfiguration.framework */,
				BF0F374E1F305F19009CA6BA /* libsqlite3.tbd */,
				BF0F374C1F305F0F009CA6BA /* libicucore.tbd */,
				BF0F374A1F305F05009CA6BA /* libc++.tbd */,
				BF0F37451F305E8D009CA6BA /* AVOSCloud.framework */,
				BF0F37481F305ED7009CA6BA /* libz.tbd */,
			);
			name = Frameworks;
			sourceTree = "<group>";
		};
		BF0F37581F305F93009CA6BA /* Request */ = {
			isa = PBXGroup;
			children = (
			);
			name = Request;
			sourceTree = "<group>";
		};
		BF0F37591F305F9E009CA6BA /* Model */ = {
			isa = PBXGroup;
			children = (
				BF0F37631F31D672009CA6BA /* Magazine.h */,
				BF0F37641F31D672009CA6BA /* Magazine.m */,
			);
			name = Model;
			sourceTree = "<group>";
		};
		BF0F375A1F305FA6009CA6BA /* ViewController */ = {
			isa = PBXGroup;
			children = (
				F6FF54BD1F308FE700179B14 /* SignInViewController.h */,
				F6FF54BE1F308FE700179B14 /* SignInViewController.m */,
				BF0F375C1F30E1E1009CA6BA /* MagazineViewController.h */,
				BF0F375D1F30E1E1009CA6BA /* MagazineViewController.m */,
				BF0F37CA1F359751009CA6BA /* MagazineDetailViewController.h */,
				BF0F37CB1F359751009CA6BA /* MagazineDetailViewController.m */,
			);
			name = ViewController;
			sourceTree = "<group>";
		};
		BF0F375B1F305FD2009CA6BA /* ViewModel */ = {
			isa = PBXGroup;
			children = (
				BF0F37B41F32FC36009CA6BA /* MagazineViewModel.h */,
				BF0F37B51F32FC36009CA6BA /* MagazineViewModel.m */,
			);
			name = ViewModel;
			sourceTree = "<group>";
		};
		BF0F375F1F3160AE009CA6BA /* Cell */ = {
			isa = PBXGroup;
			children = (
				BF0F37601F3160ED009CA6BA /* MagazineTableViewCell.h */,
				BF0F37611F3160ED009CA6BA /* MagazineTableViewCell.m */,
			);
			name = Cell;
			sourceTree = "<group>";
		};
		BF0F376A1F32D916009CA6BA /* MJRefresh */ = {
			isa = PBXGroup;
			children = (
				BF0F376B1F32D916009CA6BA /* Base */,
				BF0F37761F32D916009CA6BA /* Custom */,
				BF0F378D1F32D916009CA6BA /* MJRefresh.h */,
				BF0F378E1F32D916009CA6BA /* MJRefreshConst.h */,
				BF0F378F1F32D916009CA6BA /* MJRefreshConst.m */,
				BF0F37901F32D916009CA6BA /* NSBundle+MJRefresh.h */,
				BF0F37911F32D916009CA6BA /* NSBundle+MJRefresh.m */,
				BF0F37921F32D916009CA6BA /* UIScrollView+MJExtension.h */,
				BF0F37931F32D916009CA6BA /* UIScrollView+MJExtension.m */,
				BF0F37941F32D916009CA6BA /* UIScrollView+MJRefresh.h */,
				BF0F37951F32D916009CA6BA /* UIScrollView+MJRefresh.m */,
				BF0F37961F32D916009CA6BA /* UIView+MJExtension.h */,
				BF0F37971F32D916009CA6BA /* UIView+MJExtension.m */,
			);
			path = MJRefresh;
			sourceTree = "<group>";
		};
		BF0F376B1F32D916009CA6BA /* Base */ = {
			isa = PBXGroup;
			children = (
				BF0F376C1F32D916009CA6BA /* MJRefreshAutoFooter.h */,
				BF0F376D1F32D916009CA6BA /* MJRefreshAutoFooter.m */,
				BF0F376E1F32D916009CA6BA /* MJRefreshBackFooter.h */,
				BF0F376F1F32D916009CA6BA /* MJRefreshBackFooter.m */,
				BF0F37701F32D916009CA6BA /* MJRefreshComponent.h */,
				BF0F37711F32D916009CA6BA /* MJRefreshComponent.m */,
				BF0F37721F32D916009CA6BA /* MJRefreshFooter.h */,
				BF0F37731F32D916009CA6BA /* MJRefreshFooter.m */,
				BF0F37741F32D916009CA6BA /* MJRefreshHeader.h */,
				BF0F37751F32D916009CA6BA /* MJRefreshHeader.m */,
			);
			path = Base;
			sourceTree = "<group>";
		};
		BF0F37761F32D916009CA6BA /* Custom */ = {
			isa = PBXGroup;
			children = (
				BF0F37771F32D916009CA6BA /* Footer */,
				BF0F37861F32D916009CA6BA /* Header */,
			);
			path = Custom;
			sourceTree = "<group>";
		};
		BF0F37771F32D916009CA6BA /* Footer */ = {
			isa = PBXGroup;
			children = (
				BF0F37781F32D916009CA6BA /* Auto */,
				BF0F377F1F32D916009CA6BA /* Back */,
			);
			path = Footer;
			sourceTree = "<group>";
		};
		BF0F37781F32D916009CA6BA /* Auto */ = {
			isa = PBXGroup;
			children = (
				BF0F37791F32D916009CA6BA /* MJRefreshAutoGifFooter.h */,
				BF0F377A1F32D916009CA6BA /* MJRefreshAutoGifFooter.m */,
				BF0F377B1F32D916009CA6BA /* MJRefreshAutoNormalFooter.h */,
				BF0F377C1F32D916009CA6BA /* MJRefreshAutoNormalFooter.m */,
				BF0F377D1F32D916009CA6BA /* MJRefreshAutoStateFooter.h */,
				BF0F377E1F32D916009CA6BA /* MJRefreshAutoStateFooter.m */,
			);
			path = Auto;
			sourceTree = "<group>";
		};
		BF0F377F1F32D916009CA6BA /* Back */ = {
			isa = PBXGroup;
			children = (
				BF0F37801F32D916009CA6BA /* MJRefreshBackGifFooter.h */,
				BF0F37811F32D916009CA6BA /* MJRefreshBackGifFooter.m */,
				BF0F37821F32D916009CA6BA /* MJRefreshBackNormalFooter.h */,
				BF0F37831F32D916009CA6BA /* MJRefreshBackNormalFooter.m */,
				BF0F37841F32D916009CA6BA /* MJRefreshBackStateFooter.h */,
				BF0F37851F32D916009CA6BA /* MJRefreshBackStateFooter.m */,
			);
			path = Back;
			sourceTree = "<group>";
		};
		BF0F37861F32D916009CA6BA /* Header */ = {
			isa = PBXGroup;
			children = (
				BF0F37871F32D916009CA6BA /* MJRefreshGifHeader.h */,
				BF0F37881F32D916009CA6BA /* MJRefreshGifHeader.m */,
				BF0F37891F32D916009CA6BA /* MJRefreshNormalHeader.h */,
				BF0F378A1F32D916009CA6BA /* MJRefreshNormalHeader.m */,
				BF0F378B1F32D916009CA6BA /* MJRefreshStateHeader.h */,
				BF0F378C1F32D916009CA6BA /* MJRefreshStateHeader.m */,
			);
			path = Header;
			sourceTree = "<group>";
		};
		BF0F37B71F330757009CA6BA /* Vender */ = {
			isa = PBXGroup;
			children = (
				BF0F376A1F32D916009CA6BA /* MJRefresh */,
			);
			name = Vender;
			sourceTree = "<group>";
		};
		BF0F37C41F345CCE009CA6BA /* View */ = {
			isa = PBXGroup;
			children = (
				BF0F37C51F345CFA009CA6BA /* ErrorView.h */,
				BF0F37C61F345CFA009CA6BA /* ErrorView.m */,
			);
			name = View;
			sourceTree = "<group>";
		};
/* End PBXGroup section */

/* Begin PBXNativeTarget section */
		BF0F36E81F305B34009CA6BA /* GossipGeek */ = {
			isa = PBXNativeTarget;
			buildConfigurationList = BF0F370B1F305B34009CA6BA /* Build configuration list for PBXNativeTarget "GossipGeek" */;
			buildPhases = (
				BF0F36E51F305B34009CA6BA /* Sources */,
				BF0F36E61F305B34009CA6BA /* Frameworks */,
				BF0F36E71F305B34009CA6BA /* Resources */,
				BF21F6C61F38742C00A64945 /* Embed Frameworks */,
			);
			buildRules = (
			);
			dependencies = (
			);
			name = GossipGeek;
			productName = GossipGeek;
			productReference = BF0F36E91F305B34009CA6BA /* GossipGeek.app */;
			productType = "com.apple.product-type.application";
		};
		BF0F37011F305B34009CA6BA /* GossipGeekTests */ = {
			isa = PBXNativeTarget;
			buildConfigurationList = BF0F370E1F305B34009CA6BA /* Build configuration list for PBXNativeTarget "GossipGeekTests" */;
			buildPhases = (
				BF0F36FE1F305B34009CA6BA /* Sources */,
				BF0F36FF1F305B34009CA6BA /* Frameworks */,
				BF0F37001F305B34009CA6BA /* Resources */,
				BE2FBCD11F37FE9E00C80A5A /* CopyFiles */,
			);
			buildRules = (
			);
			dependencies = (
				BF0F37041F305B34009CA6BA /* PBXTargetDependency */,
			);
			name = GossipGeekTests;
			productName = GossipGeekTests;
			productReference = BF0F37021F305B34009CA6BA /* GossipGeekTests.xctest */;
			productType = "com.apple.product-type.bundle.unit-test";
		};
/* End PBXNativeTarget section */

/* Begin PBXProject section */
		BF0F36E11F305B34009CA6BA /* Project object */ = {
			isa = PBXProject;
			attributes = {
				LastUpgradeCheck = 0830;
				ORGANIZATIONNAME = "cozhang ";
				TargetAttributes = {
					BF0F36E81F305B34009CA6BA = {
						CreatedOnToolsVersion = 8.3.3;
						DevelopmentTeam = 25EZUPR5QA;
						ProvisioningStyle = Automatic;
					};
					BF0F37011F305B34009CA6BA = {
						CreatedOnToolsVersion = 8.3.3;
						LastSwiftMigration = 0830;
						ProvisioningStyle = Automatic;
						TestTargetID = BF0F36E81F305B34009CA6BA;
					};
				};
			};
			buildConfigurationList = BF0F36E41F305B34009CA6BA /* Build configuration list for PBXProject "GossipGeek" */;
			compatibilityVersion = "Xcode 3.2";
			developmentRegion = English;
			hasScannedForEncodings = 0;
			knownRegions = (
				en,
				Base,
			);
			mainGroup = BF0F36E01F305B34009CA6BA;
			productRefGroup = BF0F36EA1F305B34009CA6BA /* Products */;
			projectDirPath = "";
			projectRoot = "";
			targets = (
				BF0F36E81F305B34009CA6BA /* GossipGeek */,
				BF0F37011F305B34009CA6BA /* GossipGeekTests */,
			);
		};
/* End PBXProject section */

/* Begin PBXResourcesBuildPhase section */
		BF0F36E71F305B34009CA6BA /* Resources */ = {
			isa = PBXResourcesBuildPhase;
			buildActionMask = 2147483647;
			files = (
				BF0F36FC1F305B34009CA6BA /* LaunchScreen.storyboard in Resources */,
				BF0F37AF1F32DEE6009CA6BA /* Localizable.strings in Resources */,
				BF0F37C91F3467B4009CA6BA /* default.jpg in Resources */,
				BF0F37B91F332629009CA6BA /* networkError.jpeg in Resources */,
				BF0F36F91F305B34009CA6BA /* Assets.xcassets in Resources */,
				BF0F36F71F305B34009CA6BA /* Main.storyboard in Resources */,
				BF0F37BB1F341035009CA6BA /* defaultImage.JPG in Resources */,
			);
			runOnlyForDeploymentPostprocessing = 0;
		};
		BF0F37001F305B34009CA6BA /* Resources */ = {
			isa = PBXResourcesBuildPhase;
			buildActionMask = 2147483647;
			files = (
			);
			runOnlyForDeploymentPostprocessing = 0;
		};
/* End PBXResourcesBuildPhase section */

/* Begin PBXSourcesBuildPhase section */
		BF0F36E51F305B34009CA6BA /* Sources */ = {
			isa = PBXSourcesBuildPhase;
			buildActionMask = 2147483647;
			files = (
				BF0F37651F31D672009CA6BA /* Magazine.m in Sources */,
				BF0F37981F32D916009CA6BA /* MJRefreshAutoFooter.m in Sources */,
				BF0F379F1F32D916009CA6BA /* MJRefreshAutoStateFooter.m in Sources */,
				BF0F37A21F32D916009CA6BA /* MJRefreshBackStateFooter.m in Sources */,
				BF0F37B61F32FC36009CA6BA /* MagazineViewModel.m in Sources */,
				BF0F375E1F30E1E1009CA6BA /* MagazineViewController.m in Sources */,
				BF0F37A51F32D916009CA6BA /* MJRefreshStateHeader.m in Sources */,
				BF0F37621F3160ED009CA6BA /* MagazineTableViewCell.m in Sources */,
				BF0F37A81F32D916009CA6BA /* UIScrollView+MJExtension.m in Sources */,
				BF0F37A31F32D916009CA6BA /* MJRefreshGifHeader.m in Sources */,
				BF0F37A11F32D916009CA6BA /* MJRefreshBackNormalFooter.m in Sources */,
				BF0F36F11F305B34009CA6BA /* AppDelegate.m in Sources */,
				BF0F379A1F32D916009CA6BA /* MJRefreshComponent.m in Sources */,
				BF0F379E1F32D916009CA6BA /* MJRefreshAutoNormalFooter.m in Sources */,
				F6FF54BF1F308FE700179B14 /* SignInViewController.m in Sources */,
				BF0F379D1F32D916009CA6BA /* MJRefreshAutoGifFooter.m in Sources */,
				BF0F37991F32D916009CA6BA /* MJRefreshBackFooter.m in Sources */,
				BF0F37AA1F32D916009CA6BA /* UIView+MJExtension.m in Sources */,
				BF0F37A71F32D916009CA6BA /* NSBundle+MJRefresh.m in Sources */,
				BF0F37CC1F359751009CA6BA /* MagazineDetailViewController.m in Sources */,
				BF0F36EE1F305B34009CA6BA /* main.m in Sources */,
				BF0F379B1F32D916009CA6BA /* MJRefreshFooter.m in Sources */,
				BF0F37A61F32D916009CA6BA /* MJRefreshConst.m in Sources */,
				BF0F37C71F345CFA009CA6BA /* ErrorView.m in Sources */,
				BF0F37A91F32D916009CA6BA /* UIScrollView+MJRefresh.m in Sources */,
				BF0F37A01F32D916009CA6BA /* MJRefreshBackGifFooter.m in Sources */,
				BF0F379C1F32D916009CA6BA /* MJRefreshHeader.m in Sources */,
				BF0F37A41F32D916009CA6BA /* MJRefreshNormalHeader.m in Sources */,
			);
			runOnlyForDeploymentPostprocessing = 0;
		};
		BF0F36FE1F305B34009CA6BA /* Sources */ = {
			isa = PBXSourcesBuildPhase;
			buildActionMask = 2147483647;
			files = (
				BE2FBCD81F38008700C80A5A /* SwiftSpecs.swift in Sources */,
				BE4EE0301F32BA7B00A6AA85 /* GGDemoSpecs.m in Sources */,
			);
			runOnlyForDeploymentPostprocessing = 0;
		};
/* End PBXSourcesBuildPhase section */

/* Begin PBXTargetDependency section */
		BF0F37041F305B34009CA6BA /* PBXTargetDependency */ = {
			isa = PBXTargetDependency;
			target = BF0F36E81F305B34009CA6BA /* GossipGeek */;
			targetProxy = BF0F37031F305B34009CA6BA /* PBXContainerItemProxy */;
		};
/* End PBXTargetDependency section */

/* Begin PBXVariantGroup section */
		BF0F36F51F305B34009CA6BA /* Main.storyboard */ = {
			isa = PBXVariantGroup;
			children = (
				BF0F36F61F305B34009CA6BA /* Base */,
				BF0F37AD1F32DECF009CA6BA /* zh-Hans */,
			);
			name = Main.storyboard;
			sourceTree = "<group>";
		};
		BF0F36FA1F305B34009CA6BA /* LaunchScreen.storyboard */ = {
			isa = PBXVariantGroup;
			children = (
				BF0F36FB1F305B34009CA6BA /* Base */,
				BF0F37AE1F32DECF009CA6BA /* zh-Hans */,
			);
			name = LaunchScreen.storyboard;
			sourceTree = "<group>";
		};
		BF0F37B11F32DEE6009CA6BA /* Localizable.strings */ = {
			isa = PBXVariantGroup;
			children = (
				BF0F37B01F32DEE6009CA6BA /* zh-Hans */,
				BF0F37B21F32DEE9009CA6BA /* en */,
				BF0F37B31F32DEEB009CA6BA /* Base */,
			);
			name = Localizable.strings;
			sourceTree = "<group>";
		};
/* End PBXVariantGroup section */

/* Begin XCBuildConfiguration section */
		BF0F37091F305B34009CA6BA /* Debug */ = {
			isa = XCBuildConfiguration;
			buildSettings = {
				ALWAYS_SEARCH_USER_PATHS = NO;
				CLANG_ANALYZER_LOCALIZABILITY_NONLOCALIZED = YES;
				CLANG_ANALYZER_NONNULL = YES;
				CLANG_ANALYZER_NUMBER_OBJECT_CONVERSION = YES_AGGRESSIVE;
				CLANG_CXX_LANGUAGE_STANDARD = "gnu++0x";
				CLANG_CXX_LIBRARY = "libc++";
				CLANG_ENABLE_MODULES = YES;
				CLANG_ENABLE_OBJC_ARC = YES;
				CLANG_WARN_BOOL_CONVERSION = YES;
				CLANG_WARN_CONSTANT_CONVERSION = YES;
				CLANG_WARN_DIRECT_OBJC_ISA_USAGE = YES_ERROR;
				CLANG_WARN_DOCUMENTATION_COMMENTS = YES;
				CLANG_WARN_EMPTY_BODY = YES;
				CLANG_WARN_ENUM_CONVERSION = YES;
				CLANG_WARN_INFINITE_RECURSION = YES;
				CLANG_WARN_INT_CONVERSION = YES;
				CLANG_WARN_OBJC_ROOT_CLASS = YES_ERROR;
				CLANG_WARN_SUSPICIOUS_MOVE = YES;
				CLANG_WARN_UNREACHABLE_CODE = YES;
				CLANG_WARN__DUPLICATE_METHOD_MATCH = YES;
				"CODE_SIGN_IDENTITY[sdk=iphoneos*]" = "iPhone Developer";
				COPY_PHASE_STRIP = NO;
				DEBUG_INFORMATION_FORMAT = dwarf;
				ENABLE_STRICT_OBJC_MSGSEND = YES;
				ENABLE_TESTABILITY = YES;
				GCC_C_LANGUAGE_STANDARD = gnu99;
				GCC_DYNAMIC_NO_PIC = NO;
				GCC_NO_COMMON_BLOCKS = YES;
				GCC_OPTIMIZATION_LEVEL = 0;
				GCC_PREPROCESSOR_DEFINITIONS = (
					"DEBUG=1",
					"$(inherited)",
				);
				GCC_WARN_64_TO_32_BIT_CONVERSION = YES;
				GCC_WARN_ABOUT_RETURN_TYPE = YES_ERROR;
				GCC_WARN_UNDECLARED_SELECTOR = YES;
				GCC_WARN_UNINITIALIZED_AUTOS = YES_AGGRESSIVE;
				GCC_WARN_UNUSED_FUNCTION = YES;
				GCC_WARN_UNUSED_VARIABLE = YES;
				IPHONEOS_DEPLOYMENT_TARGET = 10.3;
				MTL_ENABLE_DEBUG_INFO = YES;
				ONLY_ACTIVE_ARCH = YES;
				SDKROOT = iphoneos;
				TARGETED_DEVICE_FAMILY = "1,2";
			};
			name = Debug;
		};
		BF0F370A1F305B34009CA6BA /* Release */ = {
			isa = XCBuildConfiguration;
			buildSettings = {
				ALWAYS_SEARCH_USER_PATHS = NO;
				CLANG_ANALYZER_LOCALIZABILITY_NONLOCALIZED = YES;
				CLANG_ANALYZER_NONNULL = YES;
				CLANG_ANALYZER_NUMBER_OBJECT_CONVERSION = YES_AGGRESSIVE;
				CLANG_CXX_LANGUAGE_STANDARD = "gnu++0x";
				CLANG_CXX_LIBRARY = "libc++";
				CLANG_ENABLE_MODULES = YES;
				CLANG_ENABLE_OBJC_ARC = YES;
				CLANG_WARN_BOOL_CONVERSION = YES;
				CLANG_WARN_CONSTANT_CONVERSION = YES;
				CLANG_WARN_DIRECT_OBJC_ISA_USAGE = YES_ERROR;
				CLANG_WARN_DOCUMENTATION_COMMENTS = YES;
				CLANG_WARN_EMPTY_BODY = YES;
				CLANG_WARN_ENUM_CONVERSION = YES;
				CLANG_WARN_INFINITE_RECURSION = YES;
				CLANG_WARN_INT_CONVERSION = YES;
				CLANG_WARN_OBJC_ROOT_CLASS = YES_ERROR;
				CLANG_WARN_SUSPICIOUS_MOVE = YES;
				CLANG_WARN_UNREACHABLE_CODE = YES;
				CLANG_WARN__DUPLICATE_METHOD_MATCH = YES;
				"CODE_SIGN_IDENTITY[sdk=iphoneos*]" = "iPhone Developer";
				COPY_PHASE_STRIP = NO;
				DEBUG_INFORMATION_FORMAT = "dwarf-with-dsym";
				ENABLE_NS_ASSERTIONS = NO;
				ENABLE_STRICT_OBJC_MSGSEND = YES;
				GCC_C_LANGUAGE_STANDARD = gnu99;
				GCC_NO_COMMON_BLOCKS = YES;
				GCC_WARN_64_TO_32_BIT_CONVERSION = YES;
				GCC_WARN_ABOUT_RETURN_TYPE = YES_ERROR;
				GCC_WARN_UNDECLARED_SELECTOR = YES;
				GCC_WARN_UNINITIALIZED_AUTOS = YES_AGGRESSIVE;
				GCC_WARN_UNUSED_FUNCTION = YES;
				GCC_WARN_UNUSED_VARIABLE = YES;
				IPHONEOS_DEPLOYMENT_TARGET = 10.3;
				MTL_ENABLE_DEBUG_INFO = NO;
				SDKROOT = iphoneos;
				TARGETED_DEVICE_FAMILY = "1,2";
				VALIDATE_PRODUCT = YES;
			};
			name = Release;
		};
		BF0F370C1F305B34009CA6BA /* Debug */ = {
			isa = XCBuildConfiguration;
			buildSettings = {
				ASSETCATALOG_COMPILER_APPICON_NAME = AppIcon;
				DEVELOPMENT_TEAM = 25EZUPR5QA;
				FRAMEWORK_SEARCH_PATHS = (
					"$(inherited)",
					"$(PROJECT_DIR)",
					"$(PROJECT_DIR)/Carthage/Build/iOS",
				);
				INFOPLIST_FILE = GossipGeek/Info.plist;
				IPHONEOS_DEPLOYMENT_TARGET = 9.0;
				LD_RUNPATH_SEARCH_PATHS = "$(inherited) @executable_path/Frameworks";
				OTHER_LIBTOOLFLAGS = "-ObjC";
				PRODUCT_BUNDLE_IDENTIFIER = com.tw.GossipGeek;
				PRODUCT_NAME = "$(TARGET_NAME)";
			};
			name = Debug;
		};
		BF0F370D1F305B34009CA6BA /* Release */ = {
			isa = XCBuildConfiguration;
			buildSettings = {
				ASSETCATALOG_COMPILER_APPICON_NAME = AppIcon;
				DEVELOPMENT_TEAM = 25EZUPR5QA;
				FRAMEWORK_SEARCH_PATHS = (
					"$(inherited)",
					"$(PROJECT_DIR)",
					"$(PROJECT_DIR)/Carthage/Build/iOS",
				);
				INFOPLIST_FILE = GossipGeek/Info.plist;
				IPHONEOS_DEPLOYMENT_TARGET = 9.0;
				LD_RUNPATH_SEARCH_PATHS = "$(inherited) @executable_path/Frameworks";
				OTHER_LIBTOOLFLAGS = "-ObjC";
				PRODUCT_BUNDLE_IDENTIFIER = com.tw.GossipGeek;
				PRODUCT_NAME = "$(TARGET_NAME)";
			};
			name = Release;
		};
		BF0F370F1F305B34009CA6BA /* Debug */ = {
			isa = XCBuildConfiguration;
			buildSettings = {
				BUNDLE_LOADER = "$(TEST_HOST)";
				CLANG_ENABLE_MODULES = YES;
				FRAMEWORK_SEARCH_PATHS = (
					"$(inherited)",
					"$(PROJECT_DIR)/Carthage/Build/iOS",
				);
				INFOPLIST_FILE = GossipGeekTests/Info.plist;
				LD_RUNPATH_SEARCH_PATHS = "$(inherited) @executable_path/Frameworks @loader_path/Frameworks $(FRAMEWORK_SEARCH_PATHS)";
				PRODUCT_BUNDLE_IDENTIFIER = com.tw.GossipGeekTests;
				PRODUCT_NAME = "$(TARGET_NAME)";
				SWIFT_OBJC_BRIDGING_HEADER = "GossipGeekTests/GossipGeekTests-Bridging-Header.h";
				SWIFT_OPTIMIZATION_LEVEL = "-Onone";
				SWIFT_VERSION = 3.0;
				TEST_HOST = "$(BUILT_PRODUCTS_DIR)/GossipGeek.app/GossipGeek";
			};
			name = Debug;
		};
		BF0F37101F305B34009CA6BA /* Release */ = {
			isa = XCBuildConfiguration;
			buildSettings = {
				BUNDLE_LOADER = "$(TEST_HOST)";
				CLANG_ENABLE_MODULES = YES;
				FRAMEWORK_SEARCH_PATHS = (
					"$(inherited)",
					"$(PROJECT_DIR)/Carthage/Build/iOS",
				);
				INFOPLIST_FILE = GossipGeekTests/Info.plist;
				LD_RUNPATH_SEARCH_PATHS = "$(inherited) @executable_path/Frameworks @loader_path/Frameworks $(FRAMEWORK_SEARCH_PATHS)";
				PRODUCT_BUNDLE_IDENTIFIER = com.tw.GossipGeekTests;
				PRODUCT_NAME = "$(TARGET_NAME)";
				SWIFT_OBJC_BRIDGING_HEADER = "GossipGeekTests/GossipGeekTests-Bridging-Header.h";
				SWIFT_VERSION = 3.0;
				TEST_HOST = "$(BUILT_PRODUCTS_DIR)/GossipGeek.app/GossipGeek";
			};
			name = Release;
		};
/* End XCBuildConfiguration section */

/* Begin XCConfigurationList section */
		BF0F36E41F305B34009CA6BA /* Build configuration list for PBXProject "GossipGeek" */ = {
			isa = XCConfigurationList;
			buildConfigurations = (
				BF0F37091F305B34009CA6BA /* Debug */,
				BF0F370A1F305B34009CA6BA /* Release */,
			);
			defaultConfigurationIsVisible = 0;
			defaultConfigurationName = Release;
		};
		BF0F370B1F305B34009CA6BA /* Build configuration list for PBXNativeTarget "GossipGeek" */ = {
			isa = XCConfigurationList;
			buildConfigurations = (
				BF0F370C1F305B34009CA6BA /* Debug */,
				BF0F370D1F305B34009CA6BA /* Release */,
			);
			defaultConfigurationIsVisible = 0;
			defaultConfigurationName = Release;
		};
		BF0F370E1F305B34009CA6BA /* Build configuration list for PBXNativeTarget "GossipGeekTests" */ = {
			isa = XCConfigurationList;
			buildConfigurations = (
				BF0F370F1F305B34009CA6BA /* Debug */,
				BF0F37101F305B34009CA6BA /* Release */,
			);
			defaultConfigurationIsVisible = 0;
			defaultConfigurationName = Release;
		};
/* End XCConfigurationList section */
	};
	rootObject = BF0F36E11F305B34009CA6BA /* Project object */;
}
